
Microsoft Visual Studio Solution File, Format Version 12.00
# Visual Studio 15
VisualStudioVersion = 15.0.27130.2036
MinimumVisualStudioVersion = 10.0.40219.1
Project("{FAE04EC0-301F-11D3-BF4B-00C04F79EFBC}") = "IT-Projekt", "IT-Projekt\IT-Projekt.csproj", "{9690DF6C-06B2-4EDD-9601-FABB15AD6277}"
EndProject
Global
	GlobalSection(SolutionConfigurationPlatforms) = preSolution
		Debug|Any CPU = Debug|Any CPU
		Release|Any CPU = Release|Any CPU
	EndGlobalSection
	GlobalSection(ProjectConfigurationPlatforms) = postSolution
		{9690DF6C-06B2-4EDD-9601-FABB15AD6277}.Debug|Any CPU.ActiveCfg = Debug|Any CPU
		{9690DF6C-06B2-4EDD-9601-FABB15AD6277}.Debug|Any CPU.Build.0 = Debug|Any CPU
		{9690DF6C-06B2-4EDD-9601-FABB15AD6277}.Release|Any CPU.ActiveCfg = Release|Any CPU
		{9690DF6C-06B2-4EDD-9601-FABB15AD6277}.Release|Any CPU.Build.0 = Release|Any CPU
	EndGlobalSection
	GlobalSection(SolutionProperties) = preSolution
		HideSolutionNode = FALSE
	EndGlobalSection
	GlobalSection(ExtensibilityGlobals) = postSolution
		SolutionGuid = {00158539-B130-4308-AF44-D526D4A84EF1}
	EndGlobalSection
EndGlobal
